
Microsoft Visual Studio Solution File, Format Version 12.00
# Visual Studio 2013
VisualStudioVersion = 12.0.31101.0
MinimumVisualStudioVersion = 10.0.40219.1
Project("{FAE04EC0-301F-11D3-BF4B-00C04F79EFBC}") = "Streamus.Data.Models", "Streamus.Data.Models\Streamus.Data.Models.csproj", "{B7C68E39-7CB7-4AEB-B5A2-50A0E64CEFFF}"
EndProject
Project("{FAE04EC0-301F-11D3-BF4B-00C04F79EFBC}") = "Streamus.Data", "Streamus.Data\Streamus.Data.csproj", "{85A5150F-A1BE-4615-A8B7-BDA03396C8BD}"
EndProject
Project("{FAE04EC0-301F-11D3-BF4B-00C04F79EFBC}") = "Streamus.Web", "Streamus.Web\Streamus.Web.csproj", "{E86F7B57-3F11-4C04-BA08-B421E05C0358}"
EndProject
Project("{FAE04EC0-301F-11D3-BF4B-00C04F79EFBC}") = "Streamus.Web.Tests", "Streamus.Web.Tests\Streamus.Web.Tests.csproj", "{057A4476-AE9B-415D-9C7D-4A4C75A45028}"
EndProject
Project("{FAE04EC0-301F-11D3-BF4B-00C04F79EFBC}") = "Streamus.Common", "Streamus.Common\Streamus.Common.csproj", "{E2212733-804A-4C58-8B90-20F144455A5E}"
EndProject
Global
	GlobalSection(SolutionConfigurationPlatforms) = preSolution
		Debug|Any CPU = Debug|Any CPU
		Release|Any CPU = Release|Any CPU
	EndGlobalSection
	GlobalSection(ProjectConfigurationPlatforms) = postSolution
		{B7C68E39-7CB7-4AEB-B5A2-50A0E64CEFFF}.Debug|Any CPU.ActiveCfg = Debug|Any CPU
		{B7C68E39-7CB7-4AEB-B5A2-50A0E64CEFFF}.Debug|Any CPU.Build.0 = Debug|Any CPU
		{B7C68E39-7CB7-4AEB-B5A2-50A0E64CEFFF}.Release|Any CPU.ActiveCfg = Release|Any CPU
		{B7C68E39-7CB7-4AEB-B5A2-50A0E64CEFFF}.Release|Any CPU.Build.0 = Release|Any CPU
		{85A5150F-A1BE-4615-A8B7-BDA03396C8BD}.Debug|Any CPU.ActiveCfg = Debug|Any CPU
		{85A5150F-A1BE-4615-A8B7-BDA03396C8BD}.Debug|Any CPU.Build.0 = Debug|Any CPU
		{85A5150F-A1BE-4615-A8B7-BDA03396C8BD}.Release|Any CPU.ActiveCfg = Release|Any CPU
		{85A5150F-A1BE-4615-A8B7-BDA03396C8BD}.Release|Any CPU.Build.0 = Release|Any CPU
		{E86F7B57-3F11-4C04-BA08-B421E05C0358}.Debug|Any CPU.ActiveCfg = Debug|Any CPU
		{E86F7B57-3F11-4C04-BA08-B421E05C0358}.Debug|Any CPU.Build.0 = Debug|Any CPU
		{E86F7B57-3F11-4C04-BA08-B421E05C0358}.Release|Any CPU.ActiveCfg = Release|Any CPU
		{E86F7B57-3F11-4C04-BA08-B421E05C0358}.Release|Any CPU.Build.0 = Release|Any CPU
		{057A4476-AE9B-415D-9C7D-4A4C75A45028}.Debug|Any CPU.ActiveCfg = Debug|Any CPU
		{057A4476-AE9B-415D-9C7D-4A4C75A45028}.Debug|Any CPU.Build.0 = Debug|Any CPU
		{057A4476-AE9B-415D-9C7D-4A4C75A45028}.Release|Any CPU.ActiveCfg = Release|Any CPU
		{057A4476-AE9B-415D-9C7D-4A4C75A45028}.Release|Any CPU.Build.0 = Release|Any CPU
		{E2212733-804A-4C58-8B90-20F144455A5E}.Debug|Any CPU.ActiveCfg = Debug|Any CPU
		{E2212733-804A-4C58-8B90-20F144455A5E}.Debug|Any CPU.Build.0 = Debug|Any CPU
		{E2212733-804A-4C58-8B90-20F144455A5E}.Release|Any CPU.ActiveCfg = Release|Any CPU
		{E2212733-804A-4C58-8B90-20F144455A5E}.Release|Any CPU.Build.0 = Release|Any CPU
	EndGlobalSection
	GlobalSection(SolutionProperties) = preSolution
		HideSolutionNode = FALSE
	EndGlobalSection
EndGlobal
